
Microsoft Visual Studio Solution File, Format Version 12.00
# Visual Studio Version 17
VisualStudioVersion = 17.7.34031.279
MinimumVisualStudioVersion = 10.0.40219.1
Project("{FAE04EC0-301F-11D3-BF4B-00C04F79EFBC}") = "Cial", "Cial\Cial.csproj", "{2C9FAEBD-C412-418F-8A84-800230C3A2D3}"
EndProject
Global
	GlobalSection(SolutionConfigurationPlatforms) = preSolution
		Debug|Any CPU = Debug|Any CPU
		Release|Any CPU = Release|Any CPU
	EndGlobalSection
	GlobalSection(ProjectConfigurationPlatforms) = postSolution
		{2C9FAEBD-C412-418F-8A84-800230C3A2D3}.Debug|Any CPU.ActiveCfg = Debug|Any CPU
		{2C9FAEBD-C412-418F-8A84-800230C3A2D3}.Debug|Any CPU.Build.0 = Debug|Any CPU
		{2C9FAEBD-C412-418F-8A84-800230C3A2D3}.Release|Any CPU.ActiveCfg = Release|Any CPU
		{2C9FAEBD-C412-418F-8A84-800230C3A2D3}.Release|Any CPU.Build.0 = Release|Any CPU
	EndGlobalSection
	GlobalSection(SolutionProperties) = preSolution
		HideSolutionNode = FALSE
	EndGlobalSection
	GlobalSection(ExtensibilityGlobals) = postSolution
		SolutionGuid = {AD92F854-9239-4361-BF09-AA69BBC481F7}
	EndGlobalSection
EndGlobal
